// !$*UTF8*$!
{
	archiveVersion = 1;
	classes = {
	};
	objectVersion = 50;
	objects = {

/* Begin PBXBuildFile section */
		3CEE86B8676FC0BF5E63B202 /* Pods_KRNews.framework in Frameworks */ = {isa = PBXBuildFile; fileRef = 40D48137C734213386B181B3 /* Pods_KRNews.framework */; };
		520DBAD120EDB106004FA6AD /* AppDelegate.swift in Sources */ = {isa = PBXBuildFile; fileRef = 520DBAD020EDB106004FA6AD /* AppDelegate.swift */; };
		520DBAD820EDB107004FA6AD /* Assets.xcassets in Resources */ = {isa = PBXBuildFile; fileRef = 520DBAD720EDB107004FA6AD /* Assets.xcassets */; };
		520DBADB20EDB107004FA6AD /* LaunchScreen.storyboard in Resources */ = {isa = PBXBuildFile; fileRef = 520DBAD920EDB107004FA6AD /* LaunchScreen.storyboard */; };
		520DBAE620EDB107004FA6AD /* KRNewsTests.swift in Sources */ = {isa = PBXBuildFile; fileRef = 520DBAE520EDB107004FA6AD /* KRNewsTests.swift */; };
		520DBAF120EDB107004FA6AD /* KRNewsUITests.swift in Sources */ = {isa = PBXBuildFile; fileRef = 520DBAF020EDB107004FA6AD /* KRNewsUITests.swift */; };
		5262170C20F2ECB300BF0B0A /* LYBaseTabViewController.swift in Sources */ = {isa = PBXBuildFile; fileRef = 5262170B20F2ECB300BF0B0A /* LYBaseTabViewController.swift */; };
		5262170E20F2ECC900BF0B0A /* LYBaseNaviViewController.swift in Sources */ = {isa = PBXBuildFile; fileRef = 5262170D20F2ECC900BF0B0A /* LYBaseNaviViewController.swift */; };
		5262171020F2ECD300BF0B0A /* LYBaseViewController.swift in Sources */ = {isa = PBXBuildFile; fileRef = 5262170F20F2ECD300BF0B0A /* LYBaseViewController.swift */; };
		5262171220F2ED1500BF0B0A /* KRTabViewController.swift in Sources */ = {isa = PBXBuildFile; fileRef = 5262171120F2ED1500BF0B0A /* KRTabViewController.swift */; };
		5262171420F2F15F00BF0B0A /* KRNewsViewController.swift in Sources */ = {isa = PBXBuildFile; fileRef = 5262171320F2F15F00BF0B0A /* KRNewsViewController.swift */; };
		5262171620F2F16C00BF0B0A /* KRActivityViewController.swift in Sources */ = {isa = PBXBuildFile; fileRef = 5262171520F2F16C00BF0B0A /* KRActivityViewController.swift */; };
		5262171820F2F17D00BF0B0A /* KRMessageViewController.swift in Sources */ = {isa = PBXBuildFile; fileRef = 5262171720F2F17D00BF0B0A /* KRMessageViewController.swift */; };
		5262171A20F2F18A00BF0B0A /* KRProfileViewController.swift in Sources */ = {isa = PBXBuildFile; fileRef = 5262171920F2F18A00BF0B0A /* KRProfileViewController.swift */; };
		5262171D20F2FCF900BF0B0A /* Default-568h@2x.png in Resources */ = {isa = PBXBuildFile; fileRef = 5262171C20F2FCF900BF0B0A /* Default-568h@2x.png */; };
		5262171F20F2FEC500BF0B0A /* LYBaseTableView.swift in Sources */ = {isa = PBXBuildFile; fileRef = 5262171E20F2FEC500BF0B0A /* LYBaseTableView.swift */; };
		5262172320F300EA00BF0B0A /* LYBaseViewModel.swift in Sources */ = {isa = PBXBuildFile; fileRef = 5262172220F300EA00BF0B0A /* LYBaseViewModel.swift */; };
		5262172520F300FA00BF0B0A /* LYBaseModel.swift in Sources */ = {isa = PBXBuildFile; fileRef = 5262172420F300FA00BF0B0A /* LYBaseModel.swift */; };
		5262172720F3029900BF0B0A /* KRNewsTableView.swift in Sources */ = {isa = PBXBuildFile; fileRef = 5262172620F3029900BF0B0A /* KRNewsTableView.swift */; };
		5262172A20F303F900BF0B0A /* KRNewsModel.swift in Sources */ = {isa = PBXBuildFile; fileRef = 5262172920F303F900BF0B0A /* KRNewsModel.swift */; };
		5262172C20F3040A00BF0B0A /* KRNewsViewModel.swift in Sources */ = {isa = PBXBuildFile; fileRef = 5262172B20F3040A00BF0B0A /* KRNewsViewModel.swift */; };
		5262172E20F3061B00BF0B0A /* LYBaseRequest.swift in Sources */ = {isa = PBXBuildFile; fileRef = 5262172D20F3061B00BF0B0A /* LYBaseRequest.swift */; };
		5262173020F3062D00BF0B0A /* LYNetManager.swift in Sources */ = {isa = PBXBuildFile; fileRef = 5262172F20F3062D00BF0B0A /* LYNetManager.swift */; };
		5262173320F306F400BF0B0A /* LYBaseDefines.swift in Sources */ = {isa = PBXBuildFile; fileRef = 5262173220F306F400BF0B0A /* LYBaseDefines.swift */; };
		5262173620F3160000BF0B0A /* KRNewsRequest.swift in Sources */ = {isa = PBXBuildFile; fileRef = 5262173520F3160000BF0B0A /* KRNewsRequest.swift */; };
		5262173820F317E200BF0B0A /* LYAuthManager.swift in Sources */ = {isa = PBXBuildFile; fileRef = 5262173720F317E200BF0B0A /* LYAuthManager.swift */; };
		5262173A20F31DEE00BF0B0A /* KRProfileTableView.swift in Sources */ = {isa = PBXBuildFile; fileRef = 5262173920F31DEE00BF0B0A /* KRProfileTableView.swift */; };
		5262173F20F31EF300BF0B0A /* LYLoginViewController.swift in Sources */ = {isa = PBXBuildFile; fileRef = 5262173D20F31EF300BF0B0A /* LYLoginViewController.swift */; };
		5262174020F31EF300BF0B0A /* LYLoginViewController.xib in Resources */ = {isa = PBXBuildFile; fileRef = 5262173E20F31EF300BF0B0A /* LYLoginViewController.xib */; };
		5262174220F3206C00BF0B0A /* UserInfoModel.swift in Sources */ = {isa = PBXBuildFile; fileRef = 5262174120F3206C00BF0B0A /* UserInfoModel.swift */; };
		5262174420F32B7F00BF0B0A /* KRActivityTableView.swift in Sources */ = {isa = PBXBuildFile; fileRef = 5262174320F32B7F00BF0B0A /* KRActivityTableView.swift */; };
		5262174620F32BD500BF0B0A /* KRActivityViewModel.swift in Sources */ = {isa = PBXBuildFile; fileRef = 5262174520F32BD500BF0B0A /* KRActivityViewModel.swift */; };
		5262174820F32C0000BF0B0A /* KRActivityModel.swift in Sources */ = {isa = PBXBuildFile; fileRef = 5262174720F32C0000BF0B0A /* KRActivityModel.swift */; };
		5262174B20F3307900BF0B0A /* StringExtension.swift in Sources */ = {isa = PBXBuildFile; fileRef = 5262174A20F3307900BF0B0A /* StringExtension.swift */; };
		86CFED94E1CAFFBD13E69E5E /* Pods_KRNewsTests.framework in Frameworks */ = {isa = PBXBuildFile; fileRef = 02D5A999641AE10793E956A2 /* Pods_KRNewsTests.framework */; };
		B99211DAAF1D8FCB68A68BAD /* Pods_KRNewsUITests.framework in Frameworks */ = {isa = PBXBuildFile; fileRef = 17F36D030E113630EDEFF80B /* Pods_KRNewsUITests.framework */; };
/* End PBXBuildFile section */

/* Begin PBXContainerItemProxy section */
		520DBAE220EDB107004FA6AD /* PBXContainerItemProxy */ = {
			isa = PBXContainerItemProxy;
			containerPortal = 520DBAC520EDB106004FA6AD /* Project object */;
			proxyType = 1;
			remoteGlobalIDString = 520DBACC20EDB106004FA6AD;
			remoteInfo = KRNews;
		};
		520DBAED20EDB107004FA6AD /* PBXContainerItemProxy */ = {
			isa = PBXContainerItemProxy;
			containerPortal = 520DBAC520EDB106004FA6AD /* Project object */;
			proxyType = 1;
			remoteGlobalIDString = 520DBACC20EDB106004FA6AD;
			remoteInfo = KRNews;
		};
/* End PBXContainerItemProxy section */

/* Begin PBXFileReference section */
		02D5A999641AE10793E956A2 /* Pods_KRNewsTests.framework */ = {isa = PBXFileReference; explicitFileType = wrapper.framework; includeInIndex = 0; path = Pods_KRNewsTests.framework; sourceTree = BUILT_PRODUCTS_DIR; };
		17F36D030E113630EDEFF80B /* Pods_KRNewsUITests.framework */ = {isa = PBXFileReference; explicitFileType = wrapper.framework; includeInIndex = 0; path = Pods_KRNewsUITests.framework; sourceTree = BUILT_PRODUCTS_DIR; };
		2FA471C7CA219FC3F5028F1B /* Pods-KRNewsTests.debug.xcconfig */ = {isa = PBXFileReference; includeInIndex = 1; lastKnownFileType = text.xcconfig; name = "Pods-KRNewsTests.debug.xcconfig"; path = "Pods/Target Support Files/Pods-KRNewsTests/Pods-KRNewsTests.debug.xcconfig"; sourceTree = "<group>"; };
		40D48137C734213386B181B3 /* Pods_KRNews.framework */ = {isa = PBXFileReference; explicitFileType = wrapper.framework; includeInIndex = 0; path = Pods_KRNews.framework; sourceTree = BUILT_PRODUCTS_DIR; };
		520DBACD20EDB106004FA6AD /* KRNews.app */ = {isa = PBXFileReference; explicitFileType = wrapper.application; includeInIndex = 0; path = KRNews.app; sourceTree = BUILT_PRODUCTS_DIR; };
		520DBAD020EDB106004FA6AD /* AppDelegate.swift */ = {isa = PBXFileReference; lastKnownFileType = sourcecode.swift; path = AppDelegate.swift; sourceTree = "<group>"; };
		520DBAD720EDB107004FA6AD /* Assets.xcassets */ = {isa = PBXFileReference; lastKnownFileType = folder.assetcatalog; path = Assets.xcassets; sourceTree = "<group>"; };
		520DBADA20EDB107004FA6AD /* Base */ = {isa = PBXFileReference; lastKnownFileType = file.storyboard; name = Base; path = Base.lproj/LaunchScreen.storyboard; sourceTree = "<group>"; };
		520DBADC20EDB107004FA6AD /* Info.plist */ = {isa = PBXFileReference; lastKnownFileType = text.plist.xml; path = Info.plist; sourceTree = "<group>"; };
		520DBAE120EDB107004FA6AD /* KRNewsTests.xctest */ = {isa = PBXFileReference; explicitFileType = wrapper.cfbundle; includeInIndex = 0; path = KRNewsTests.xctest; sourceTree = BUILT_PRODUCTS_DIR; };
		520DBAE520EDB107004FA6AD /* KRNewsTests.swift */ = {isa = PBXFileReference; lastKnownFileType = sourcecode.swift; path = KRNewsTests.swift; sourceTree = "<group>"; };
		520DBAE720EDB107004FA6AD /* Info.plist */ = {isa = PBXFileReference; lastKnownFileType = text.plist.xml; path = Info.plist; sourceTree = "<group>"; };
		520DBAEC20EDB107004FA6AD /* KRNewsUITests.xctest */ = {isa = PBXFileReference; explicitFileType = wrapper.cfbundle; includeInIndex = 0; path = KRNewsUITests.xctest; sourceTree = BUILT_PRODUCTS_DIR; };
		520DBAF020EDB107004FA6AD /* KRNewsUITests.swift */ = {isa = PBXFileReference; lastKnownFileType = sourcecode.swift; path = KRNewsUITests.swift; sourceTree = "<group>"; };
		520DBAF220EDB107004FA6AD /* Info.plist */ = {isa = PBXFileReference; lastKnownFileType = text.plist.xml; path = Info.plist; sourceTree = "<group>"; };
		5262170B20F2ECB300BF0B0A /* LYBaseTabViewController.swift */ = {isa = PBXFileReference; lastKnownFileType = sourcecode.swift; path = LYBaseTabViewController.swift; sourceTree = "<group>"; };
		5262170D20F2ECC900BF0B0A /* LYBaseNaviViewController.swift */ = {isa = PBXFileReference; lastKnownFileType = sourcecode.swift; path = LYBaseNaviViewController.swift; sourceTree = "<group>"; };
		5262170F20F2ECD300BF0B0A /* LYBaseViewController.swift */ = {isa = PBXFileReference; lastKnownFileType = sourcecode.swift; path = LYBaseViewController.swift; sourceTree = "<group>"; };
		5262171120F2ED1500BF0B0A /* KRTabViewController.swift */ = {isa = PBXFileReference; lastKnownFileType = sourcecode.swift; path = KRTabViewController.swift; sourceTree = "<group>"; };
		5262171320F2F15F00BF0B0A /* KRNewsViewController.swift */ = {isa = PBXFileReference; lastKnownFileType = sourcecode.swift; path = KRNewsViewController.swift; sourceTree = "<group>"; };
		5262171520F2F16C00BF0B0A /* KRActivityViewController.swift */ = {isa = PBXFileReference; lastKnownFileType = sourcecode.swift; path = KRActivityViewController.swift; sourceTree = "<group>"; };
		5262171720F2F17D00BF0B0A /* KRMessageViewController.swift */ = {isa = PBXFileReference; lastKnownFileType = sourcecode.swift; path = KRMessageViewController.swift; sourceTree = "<group>"; };
		5262171920F2F18A00BF0B0A /* KRProfileViewController.swift */ = {isa = PBXFileReference; lastKnownFileType = sourcecode.swift; path = KRProfileViewController.swift; sourceTree = "<group>"; };
		5262171C20F2FCF900BF0B0A /* Default-568h@2x.png */ = {isa = PBXFileReference; lastKnownFileType = image.png; path = "Default-568h@2x.png"; sourceTree = "<group>"; };
		5262171E20F2FEC500BF0B0A /* LYBaseTableView.swift */ = {isa = PBXFileReference; lastKnownFileType = sourcecode.swift; path = LYBaseTableView.swift; sourceTree = "<group>"; };
		5262172220F300EA00BF0B0A /* LYBaseViewModel.swift */ = {isa = PBXFileReference; lastKnownFileType = sourcecode.swift; path = LYBaseViewModel.swift; sourceTree = "<group>"; };
		5262172420F300FA00BF0B0A /* LYBaseModel.swift */ = {isa = PBXFileReference; lastKnownFileType = sourcecode.swift; path = LYBaseModel.swift; sourceTree = "<group>"; };
		5262172620F3029900BF0B0A /* KRNewsTableView.swift */ = {isa = PBXFileReference; lastKnownFileType = sourcecode.swift; path = KRNewsTableView.swift; sourceTree = "<group>"; };
		5262172920F303F900BF0B0A /* KRNewsModel.swift */ = {isa = PBXFileReference; lastKnownFileType = sourcecode.swift; path = KRNewsModel.swift; sourceTree = "<group>"; };
		5262172B20F3040A00BF0B0A /* KRNewsViewModel.swift */ = {isa = PBXFileReference; lastKnownFileType = sourcecode.swift; path = KRNewsViewModel.swift; sourceTree = "<group>"; };
		5262172D20F3061B00BF0B0A /* LYBaseRequest.swift */ = {isa = PBXFileReference; lastKnownFileType = sourcecode.swift; path = LYBaseRequest.swift; sourceTree = "<group>"; };
		5262172F20F3062D00BF0B0A /* LYNetManager.swift */ = {isa = PBXFileReference; lastKnownFileType = sourcecode.swift; path = LYNetManager.swift; sourceTree = "<group>"; };
		5262173220F306F400BF0B0A /* LYBaseDefines.swift */ = {isa = PBXFileReference; lastKnownFileType = sourcecode.swift; path = LYBaseDefines.swift; sourceTree = "<group>"; };
		5262173520F3160000BF0B0A /* KRNewsRequest.swift */ = {isa = PBXFileReference; lastKnownFileType = sourcecode.swift; path = KRNewsRequest.swift; sourceTree = "<group>"; };
		5262173720F317E200BF0B0A /* LYAuthManager.swift */ = {isa = PBXFileReference; lastKnownFileType = sourcecode.swift; path = LYAuthManager.swift; sourceTree = "<group>"; };
		5262173920F31DEE00BF0B0A /* KRProfileTableView.swift */ = {isa = PBXFileReference; lastKnownFileType = sourcecode.swift; path = KRProfileTableView.swift; sourceTree = "<group>"; };
		5262173D20F31EF300BF0B0A /* LYLoginViewController.swift */ = {isa = PBXFileReference; lastKnownFileType = sourcecode.swift; path = LYLoginViewController.swift; sourceTree = "<group>"; };
		5262173E20F31EF300BF0B0A /* LYLoginViewController.xib */ = {isa = PBXFileReference; lastKnownFileType = file.xib; path = LYLoginViewController.xib; sourceTree = "<group>"; };
		5262174120F3206C00BF0B0A /* UserInfoModel.swift */ = {isa = PBXFileReference; lastKnownFileType = sourcecode.swift; path = UserInfoModel.swift; sourceTree = "<group>"; };
		5262174320F32B7F00BF0B0A /* KRActivityTableView.swift */ = {isa = PBXFileReference; lastKnownFileType = sourcecode.swift; path = KRActivityTableView.swift; sourceTree = "<group>"; };
		5262174520F32BD500BF0B0A /* KRActivityViewModel.swift */ = {isa = PBXFileReference; lastKnownFileType = sourcecode.swift; path = KRActivityViewModel.swift; sourceTree = "<group>"; };
		5262174720F32C0000BF0B0A /* KRActivityModel.swift */ = {isa = PBXFileReference; lastKnownFileType = sourcecode.swift; path = KRActivityModel.swift; sourceTree = "<group>"; };
		5262174A20F3307900BF0B0A /* StringExtension.swift */ = {isa = PBXFileReference; lastKnownFileType = sourcecode.swift; path = StringExtension.swift; sourceTree = "<group>"; };
		63426025DBB65F9776AA49D8 /* Pods-KRNewsUITests.debug.xcconfig */ = {isa = PBXFileReference; includeInIndex = 1; lastKnownFileType = text.xcconfig; name = "Pods-KRNewsUITests.debug.xcconfig"; path = "Pods/Target Support Files/Pods-KRNewsUITests/Pods-KRNewsUITests.debug.xcconfig"; sourceTree = "<group>"; };
		8B15D4B77D57B6D7A1533859 /* Pods-KRNews.release.xcconfig */ = {isa = PBXFileReference; includeInIndex = 1; lastKnownFileType = text.xcconfig; name = "Pods-KRNews.release.xcconfig"; path = "Pods/Target Support Files/Pods-KRNews/Pods-KRNews.release.xcconfig"; sourceTree = "<group>"; };
		8FB89544324B14C06F1855B9 /* Pods-KRNews.debug.xcconfig */ = {isa = PBXFileReference; includeInIndex = 1; lastKnownFileType = text.xcconfig; name = "Pods-KRNews.debug.xcconfig"; path = "Pods/Target Support Files/Pods-KRNews/Pods-KRNews.debug.xcconfig"; sourceTree = "<group>"; };
		AA034597C7E7A877F54517BD /* Pods-KRNewsTests.release.xcconfig */ = {isa = PBXFileReference; includeInIndex = 1; lastKnownFileType = text.xcconfig; name = "Pods-KRNewsTests.release.xcconfig"; path = "Pods/Target Support Files/Pods-KRNewsTests/Pods-KRNewsTests.release.xcconfig"; sourceTree = "<group>"; };
		B568EB081C08396951CB3DB7 /* Pods-KRNewsUITests.release.xcconfig */ = {isa = PBXFileReference; includeInIndex = 1; lastKnownFileType = text.xcconfig; name = "Pods-KRNewsUITests.release.xcconfig"; path = "Pods/Target Support Files/Pods-KRNewsUITests/Pods-KRNewsUITests.release.xcconfig"; sourceTree = "<group>"; };
/* End PBXFileReference section */

/* Begin PBXFrameworksBuildPhase section */
		520DBACA20EDB106004FA6AD /* Frameworks */ = {
			isa = PBXFrameworksBuildPhase;
			buildActionMask = 2147483647;
			files = (
				3CEE86B8676FC0BF5E63B202 /* Pods_KRNews.framework in Frameworks */,
			);
			runOnlyForDeploymentPostprocessing = 0;
		};
		520DBADE20EDB107004FA6AD /* Frameworks */ = {
			isa = PBXFrameworksBuildPhase;
			buildActionMask = 2147483647;
			files = (
				86CFED94E1CAFFBD13E69E5E /* Pods_KRNewsTests.framework in Frameworks */,
			);
			runOnlyForDeploymentPostprocessing = 0;
		};
		520DBAE920EDB107004FA6AD /* Frameworks */ = {
			isa = PBXFrameworksBuildPhase;
			buildActionMask = 2147483647;
			files = (
				B99211DAAF1D8FCB68A68BAD /* Pods_KRNewsUITests.framework in Frameworks */,
			);
			runOnlyForDeploymentPostprocessing = 0;
		};
/* End PBXFrameworksBuildPhase section */

/* Begin PBXGroup section */
		520DBAC420EDB106004FA6AD = {
			isa = PBXGroup;
			children = (
				520DBACF20EDB106004FA6AD /* KRNews */,
				520DBAE420EDB107004FA6AD /* KRNewsTests */,
				520DBAEF20EDB107004FA6AD /* KRNewsUITests */,
				520DBACE20EDB106004FA6AD /* Products */,
				E6101C4BC8885B5EFF89DD21 /* Pods */,
				9F4B3AF9243F4F3D67F10A97 /* Frameworks */,
			);
			sourceTree = "<group>";
		};
		520DBACE20EDB106004FA6AD /* Products */ = {
			isa = PBXGroup;
			children = (
				520DBACD20EDB106004FA6AD /* KRNews.app */,
				520DBAE120EDB107004FA6AD /* KRNewsTests.xctest */,
				520DBAEC20EDB107004FA6AD /* KRNewsUITests.xctest */,
			);
			name = Products;
			sourceTree = "<group>";
		};
		520DBACF20EDB106004FA6AD /* KRNews */ = {
			isa = PBXGroup;
			children = (
				5262170220F2EB7900BF0B0A /* Special */,
				5262170120F2EB5D00BF0B0A /* Common */,
			);
			path = KRNews;
			sourceTree = "<group>";
		};
		520DBAE420EDB107004FA6AD /* KRNewsTests */ = {
			isa = PBXGroup;
			children = (
				520DBAE520EDB107004FA6AD /* KRNewsTests.swift */,
				520DBAE720EDB107004FA6AD /* Info.plist */,
			);
			path = KRNewsTests;
			sourceTree = "<group>";
		};
		520DBAEF20EDB107004FA6AD /* KRNewsUITests */ = {
			isa = PBXGroup;
			children = (
				520DBAF020EDB107004FA6AD /* KRNewsUITests.swift */,
				520DBAF220EDB107004FA6AD /* Info.plist */,
			);
			path = KRNewsUITests;
			sourceTree = "<group>";
		};
		5262170120F2EB5D00BF0B0A /* Common */ = {
			isa = PBXGroup;
			children = (
				5262174920F3306C00BF0B0A /* Extension */,
				5262173120F306E100BF0B0A /* Definition */,
				5262172120F3004000BF0B0A /* Model */,
				5262172020F3003700BF0B0A /* ViewModel */,
				5262170A20F2EC8D00BF0B0A /* Network */,
				5262170920F2EC7E00BF0B0A /* Managers */,
				5262170820F2EC7500BF0B0A /* Views */,
				5262170720F2EC6E00BF0B0A /* Controllers */,
			);
			path = Common;
			sourceTree = "<group>";
		};
		5262170220F2EB7900BF0B0A /* Special */ = {
			isa = PBXGroup;
			children = (
				5262171B20F2FA1E00BF0B0A /* SupportingFiles */,
				5262170620F2EBEA00BF0B0A /* Others */,
				5262172820F303D300BF0B0A /* ViewModels */,
				5262170520F2EBD700BF0B0A /* Models */,
				5262170420F2EBD000BF0B0A /* Views */,
				5262170320F2EBC200BF0B0A /* Controllers */,
			);
			path = Special;
			sourceTree = "<group>";
		};
		5262170320F2EBC200BF0B0A /* Controllers */ = {
			isa = PBXGroup;
			children = (
				528E8A0520F3555300F2E1EC /* Root */,
				528E8A0420F3554900F2E1EC /* Profile */,
				528E8A0320F3554200F2E1EC /* Message */,
				528E8A0220F3553C00F2E1EC /* Activity */,
				528E8A0120F3553300F2E1EC /* News */,
			);
			path = Controllers;
			sourceTree = "<group>";
		};
		5262170420F2EBD000BF0B0A /* Views */ = {
			isa = PBXGroup;
			children = (
				5262172620F3029900BF0B0A /* KRNewsTableView.swift */,
				5262174320F32B7F00BF0B0A /* KRActivityTableView.swift */,
				5262173920F31DEE00BF0B0A /* KRProfileTableView.swift */,
			);
			path = Views;
			sourceTree = "<group>";
		};
		5262170520F2EBD700BF0B0A /* Models */ = {
			isa = PBXGroup;
			children = (
				5262172920F303F900BF0B0A /* KRNewsModel.swift */,
				5262174720F32C0000BF0B0A /* KRActivityModel.swift */,
			);
			path = Models;
			sourceTree = "<group>";
		};
		5262170620F2EBEA00BF0B0A /* Others */ = {
			isa = PBXGroup;
			children = (
				520DBAD020EDB106004FA6AD /* AppDelegate.swift */,
				5262173420F315E800BF0B0A /* Network */,
			);
			path = Others;
			sourceTree = "<group>";
		};
		5262170720F2EC6E00BF0B0A /* Controllers */ = {
			isa = PBXGroup;
			children = (
				5262170B20F2ECB300BF0B0A /* LYBaseTabViewController.swift */,
				5262170D20F2ECC900BF0B0A /* LYBaseNaviViewController.swift */,
				5262170F20F2ECD300BF0B0A /* LYBaseViewController.swift */,
				5262173D20F31EF300BF0B0A /* LYLoginViewController.swift */,
				5262173E20F31EF300BF0B0A /* LYLoginViewController.xib */,
			);
			path = Controllers;
			sourceTree = "<group>";
		};
		5262170820F2EC7500BF0B0A /* Views */ = {
			isa = PBXGroup;
			children = (
				5262171E20F2FEC500BF0B0A /* LYBaseTableView.swift */,
			);
			path = Views;
			sourceTree = "<group>";
		};
		5262170920F2EC7E00BF0B0A /* Managers */ = {
			isa = PBXGroup;
			children = (
				5262172F20F3062D00BF0B0A /* LYNetManager.swift */,
				5262173720F317E200BF0B0A /* LYAuthManager.swift */,
			);
			path = Managers;
			sourceTree = "<group>";
		};
		5262170A20F2EC8D00BF0B0A /* Network */ = {
			isa = PBXGroup;
			children = (
				5262172D20F3061B00BF0B0A /* LYBaseRequest.swift */,
			);
			path = Network;
			sourceTree = "<group>";
		};
		5262171B20F2FA1E00BF0B0A /* SupportingFiles */ = {
			isa = PBXGroup;
			children = (
				5262171C20F2FCF900BF0B0A /* Default-568h@2x.png */,
				520DBAD920EDB107004FA6AD /* LaunchScreen.storyboard */,
				520DBADC20EDB107004FA6AD /* Info.plist */,
				520DBAD720EDB107004FA6AD /* Assets.xcassets */,
			);
			path = SupportingFiles;
			sourceTree = "<group>";
		};
		5262172020F3003700BF0B0A /* ViewModel */ = {
			isa = PBXGroup;
			children = (
				5262172220F300EA00BF0B0A /* LYBaseViewModel.swift */,
			);
			path = ViewModel;
			sourceTree = "<group>";
		};
		5262172120F3004000BF0B0A /* Model */ = {
			isa = PBXGroup;
			children = (
				5262172420F300FA00BF0B0A /* LYBaseModel.swift */,
				5262174120F3206C00BF0B0A /* UserInfoModel.swift */,
			);
			path = Model;
			sourceTree = "<group>";
		};
		5262172820F303D300BF0B0A /* ViewModels */ = {
			isa = PBXGroup;
			children = (
				5262172B20F3040A00BF0B0A /* KRNewsViewModel.swift */,
				5262174520F32BD500BF0B0A /* KRActivityViewModel.swift */,
			);
			path = ViewModels;
			sourceTree = "<group>";
		};
		5262173120F306E100BF0B0A /* Definition */ = {
			isa = PBXGroup;
			children = (
				5262173220F306F400BF0B0A /* LYBaseDefines.swift */,
			);
			path = Definition;
			sourceTree = "<group>";
		};
		5262173420F315E800BF0B0A /* Network */ = {
			isa = PBXGroup;
			children = (
				5262173520F3160000BF0B0A /* KRNewsRequest.swift */,
			);
			path = Network;
			sourceTree = "<group>";
		};
		5262174920F3306C00BF0B0A /* Extension */ = {
			isa = PBXGroup;
			children = (
				5262174A20F3307900BF0B0A /* StringExtension.swift */,
			);
			path = Extension;
			sourceTree = "<group>";
		};
		528E8A0120F3553300F2E1EC /* News */ = {
			isa = PBXGroup;
			children = (
				5262171320F2F15F00BF0B0A /* KRNewsViewController.swift */,
			);
			path = News;
			sourceTree = "<group>";
		};
		528E8A0220F3553C00F2E1EC /* Activity */ = {
			isa = PBXGroup;
			children = (
				5262171520F2F16C00BF0B0A /* KRActivityViewController.swift */,
			);
			path = Activity;
			sourceTree = "<group>";
		};
		528E8A0320F3554200F2E1EC /* Message */ = {
			isa = PBXGroup;
			children = (
				5262171720F2F17D00BF0B0A /* KRMessageViewController.swift */,
			);
			path = Message;
			sourceTree = "<group>";
		};
		528E8A0420F3554900F2E1EC /* Profile */ = {
			isa = PBXGroup;
			children = (
				5262171920F2F18A00BF0B0A /* KRProfileViewController.swift */,
			);
			path = Profile;
			sourceTree = "<group>";
		};
		528E8A0520F3555300F2E1EC /* Root */ = {
			isa = PBXGroup;
			children = (
				5262171120F2ED1500BF0B0A /* KRTabViewController.swift */,
			);
			path = Root;
			sourceTree = "<group>";
		};
		9F4B3AF9243F4F3D67F10A97 /* Frameworks */ = {
			isa = PBXGroup;
			children = (
				40D48137C734213386B181B3 /* Pods_KRNews.framework */,
				02D5A999641AE10793E956A2 /* Pods_KRNewsTests.framework */,
				17F36D030E113630EDEFF80B /* Pods_KRNewsUITests.framework */,
			);
			name = Frameworks;
			sourceTree = "<group>";
		};
		E6101C4BC8885B5EFF89DD21 /* Pods */ = {
			isa = PBXGroup;
			children = (
				8FB89544324B14C06F1855B9 /* Pods-KRNews.debug.xcconfig */,
				8B15D4B77D57B6D7A1533859 /* Pods-KRNews.release.xcconfig */,
				2FA471C7CA219FC3F5028F1B /* Pods-KRNewsTests.debug.xcconfig */,
				AA034597C7E7A877F54517BD /* Pods-KRNewsTests.release.xcconfig */,
				63426025DBB65F9776AA49D8 /* Pods-KRNewsUITests.debug.xcconfig */,
				B568EB081C08396951CB3DB7 /* Pods-KRNewsUITests.release.xcconfig */,
			);
			name = Pods;
			sourceTree = "<group>";
		};
/* End PBXGroup section */

/* Begin PBXNativeTarget section */
		520DBACC20EDB106004FA6AD /* KRNews */ = {
			isa = PBXNativeTarget;
			buildConfigurationList = 520DBAF520EDB107004FA6AD /* Build configuration list for PBXNativeTarget "KRNews" */;
			buildPhases = (
				1079FBC7FB47C3061563C7F4 /* [CP] Check Pods Manifest.lock */,
				520DBAC920EDB106004FA6AD /* Sources */,
				520DBACA20EDB106004FA6AD /* Frameworks */,
				520DBACB20EDB106004FA6AD /* Resources */,
				887F72457C28087F10CB00CF /* [CP] Embed Pods Frameworks */,
			);
			buildRules = (
			);
			dependencies = (
			);
			name = KRNews;
			productName = KRNews;
			productReference = 520DBACD20EDB106004FA6AD /* KRNews.app */;
			productType = "com.apple.product-type.application";
		};
		520DBAE020EDB107004FA6AD /* KRNewsTests */ = {
			isa = PBXNativeTarget;
			buildConfigurationList = 520DBAF820EDB107004FA6AD /* Build configuration list for PBXNativeTarget "KRNewsTests" */;
			buildPhases = (
				85A0F8E2062577BD91DB00F0 /* [CP] Check Pods Manifest.lock */,
				520DBADD20EDB107004FA6AD /* Sources */,
				520DBADE20EDB107004FA6AD /* Frameworks */,
				520DBADF20EDB107004FA6AD /* Resources */,
			);
			buildRules = (
			);
			dependencies = (
				520DBAE320EDB107004FA6AD /* PBXTargetDependency */,
			);
			name = KRNewsTests;
			productName = KRNewsTests;
			productReference = 520DBAE120EDB107004FA6AD /* KRNewsTests.xctest */;
			productType = "com.apple.product-type.bundle.unit-test";
		};
		520DBAEB20EDB107004FA6AD /* KRNewsUITests */ = {
			isa = PBXNativeTarget;
			buildConfigurationList = 520DBAFB20EDB107004FA6AD /* Build configuration list for PBXNativeTarget "KRNewsUITests" */;
			buildPhases = (
				A450789CD973AC81E517478F /* [CP] Check Pods Manifest.lock */,
				520DBAE820EDB107004FA6AD /* Sources */,
				520DBAE920EDB107004FA6AD /* Frameworks */,
				520DBAEA20EDB107004FA6AD /* Resources */,
			);
			buildRules = (
			);
			dependencies = (
				520DBAEE20EDB107004FA6AD /* PBXTargetDependency */,
			);
			name = KRNewsUITests;
			productName = KRNewsUITests;
			productReference = 520DBAEC20EDB107004FA6AD /* KRNewsUITests.xctest */;
			productType = "com.apple.product-type.bundle.ui-testing";
		};
/* End PBXNativeTarget section */

/* Begin PBXProject section */
		520DBAC520EDB106004FA6AD /* Project object */ = {
			isa = PBXProject;
			attributes = {
				LastSwiftUpdateCheck = 0940;
				LastUpgradeCheck = 0940;
				ORGANIZATIONNAME = liyan;
				TargetAttributes = {
					520DBACC20EDB106004FA6AD = {
						CreatedOnToolsVersion = 9.4;
					};
					520DBAE020EDB107004FA6AD = {
						CreatedOnToolsVersion = 9.4;
						TestTargetID = 520DBACC20EDB106004FA6AD;
					};
					520DBAEB20EDB107004FA6AD = {
						CreatedOnToolsVersion = 9.4;
						TestTargetID = 520DBACC20EDB106004FA6AD;
					};
				};
			};
			buildConfigurationList = 520DBAC820EDB106004FA6AD /* Build configuration list for PBXProject "KRNews" */;
			compatibilityVersion = "Xcode 9.3";
			developmentRegion = en;
			hasScannedForEncodings = 0;
			knownRegions = (
				en,
				Base,
			);
			mainGroup = 520DBAC420EDB106004FA6AD;
			productRefGroup = 520DBACE20EDB106004FA6AD /* Products */;
			projectDirPath = "";
			projectRoot = "";
			targets = (
				520DBACC20EDB106004FA6AD /* KRNews */,
				520DBAE020EDB107004FA6AD /* KRNewsTests */,
				520DBAEB20EDB107004FA6AD /* KRNewsUITests */,
			);
		};
/* End PBXProject section */

/* Begin PBXResourcesBuildPhase section */
		520DBACB20EDB106004FA6AD /* Resources */ = {
			isa = PBXResourcesBuildPhase;
			buildActionMask = 2147483647;
			files = (
				520DBADB20EDB107004FA6AD /* LaunchScreen.storyboard in Resources */,
				520DBAD820EDB107004FA6AD /* Assets.xcassets in Resources */,
				5262171D20F2FCF900BF0B0A /* Default-568h@2x.png in Resources */,
				5262174020F31EF300BF0B0A /* LYLoginViewController.xib in Resources */,
			);
			runOnlyForDeploymentPostprocessing = 0;
		};
		520DBADF20EDB107004FA6AD /* Resources */ = {
			isa = PBXResourcesBuildPhase;
			buildActionMask = 2147483647;
			files = (
			);
			runOnlyForDeploymentPostprocessing = 0;
		};
		520DBAEA20EDB107004FA6AD /* Resources */ = {
			isa = PBXResourcesBuildPhase;
			buildActionMask = 2147483647;
			files = (
			);
			runOnlyForDeploymentPostprocessing = 0;
		};
/* End PBXResourcesBuildPhase section */

/* Begin PBXShellScriptBuildPhase section */
		1079FBC7FB47C3061563C7F4 /* [CP] Check Pods Manifest.lock */ = {
			isa = PBXShellScriptBuildPhase;
			buildActionMask = 2147483647;
			files = (
			);
			inputPaths = (
				"${PODS_PODFILE_DIR_PATH}/Podfile.lock",
				"${PODS_ROOT}/Manifest.lock",
			);
			name = "[CP] Check Pods Manifest.lock";
			outputPaths = (
				"$(DERIVED_FILE_DIR)/Pods-KRNews-checkManifestLockResult.txt",
			);
			runOnlyForDeploymentPostprocessing = 0;
			shellPath = /bin/sh;
			shellScript = "diff \"${PODS_PODFILE_DIR_PATH}/Podfile.lock\" \"${PODS_ROOT}/Manifest.lock\" > /dev/null\nif [ $? != 0 ] ; then\n    # print error to STDERR\n    echo \"error: The sandbox is not in sync with the Podfile.lock. Run 'pod install' or update your CocoaPods installation.\" >&2\n    exit 1\nfi\n# This output is used by Xcode 'outputs' to avoid re-running this script phase.\necho \"SUCCESS\" > \"${SCRIPT_OUTPUT_FILE_0}\"\n";
			showEnvVarsInLog = 0;
		};
		85A0F8E2062577BD91DB00F0 /* [CP] Check Pods Manifest.lock */ = {
			isa = PBXShellScriptBuildPhase;
			buildActionMask = 2147483647;
			files = (
			);
			inputPaths = (
				"${PODS_PODFILE_DIR_PATH}/Podfile.lock",
				"${PODS_ROOT}/Manifest.lock",
			);
			name = "[CP] Check Pods Manifest.lock";
			outputPaths = (
				"$(DERIVED_FILE_DIR)/Pods-KRNewsTests-checkManifestLockResult.txt",
			);
			runOnlyForDeploymentPostprocessing = 0;
			shellPath = /bin/sh;
			shellScript = "diff \"${PODS_PODFILE_DIR_PATH}/Podfile.lock\" \"${PODS_ROOT}/Manifest.lock\" > /dev/null\nif [ $? != 0 ] ; then\n    # print error to STDERR\n    echo \"error: The sandbox is not in sync with the Podfile.lock. Run 'pod install' or update your CocoaPods installation.\" >&2\n    exit 1\nfi\n# This output is used by Xcode 'outputs' to avoid re-running this script phase.\necho \"SUCCESS\" > \"${SCRIPT_OUTPUT_FILE_0}\"\n";
			showEnvVarsInLog = 0;
		};
		887F72457C28087F10CB00CF /* [CP] Embed Pods Frameworks */ = {
			isa = PBXShellScriptBuildPhase;
			buildActionMask = 2147483647;
			files = (
			);
			inputPaths = (
				"${SRCROOT}/Pods/Target Support Files/Pods-KRNews/Pods-KRNews-frameworks.sh",
				"${BUILT_PRODUCTS_DIR}/Alamofire/Alamofire.framework",
				"${BUILT_PRODUCTS_DIR}/HandyJSON/HandyJSON.framework",
				"${BUILT_PRODUCTS_DIR}/MBProgressHUD/MBProgressHUD.framework",
				"${BUILT_PRODUCTS_DIR}/MJRefresh/MJRefresh.framework",
				"${BUILT_PRODUCTS_DIR}/SDWebImage/SDWebImage.framework",
			);
			name = "[CP] Embed Pods Frameworks";
			outputPaths = (
				"${TARGET_BUILD_DIR}/${FRAMEWORKS_FOLDER_PATH}/Alamofire.framework",
				"${TARGET_BUILD_DIR}/${FRAMEWORKS_FOLDER_PATH}/HandyJSON.framework",
				"${TARGET_BUILD_DIR}/${FRAMEWORKS_FOLDER_PATH}/MBProgressHUD.framework",
				"${TARGET_BUILD_DIR}/${FRAMEWORKS_FOLDER_PATH}/MJRefresh.framework",
				"${TARGET_BUILD_DIR}/${FRAMEWORKS_FOLDER_PATH}/SDWebImage.framework",
			);
			runOnlyForDeploymentPostprocessing = 0;
			shellPath = /bin/sh;
			shellScript = "\"${SRCROOT}/Pods/Target Support Files/Pods-KRNews/Pods-KRNews-frameworks.sh\"\n";
			showEnvVarsInLog = 0;
		};
		A450789CD973AC81E517478F /* [CP] Check Pods Manifest.lock */ = {
			isa = PBXShellScriptBuildPhase;
			buildActionMask = 2147483647;
			files = (
			);
			inputPaths = (
				"${PODS_PODFILE_DIR_PATH}/Podfile.lock",
				"${PODS_ROOT}/Manifest.lock",
			);
			name = "[CP] Check Pods Manifest.lock";
			outputPaths = (
				"$(DERIVED_FILE_DIR)/Pods-KRNewsUITests-checkManifestLockResult.txt",
			);
			runOnlyForDeploymentPostprocessing = 0;
			shellPath = /bin/sh;
			shellScript = "diff \"${PODS_PODFILE_DIR_PATH}/Podfile.lock\" \"${PODS_ROOT}/Manifest.lock\" > /dev/null\nif [ $? != 0 ] ; then\n    # print error to STDERR\n    echo \"error: The sandbox is not in sync with the Podfile.lock. Run 'pod install' or update your CocoaPods installation.\" >&2\n    exit 1\nfi\n# This output is used by Xcode 'outputs' to avoid re-running this script phase.\necho \"SUCCESS\" > \"${SCRIPT_OUTPUT_FILE_0}\"\n";
			showEnvVarsInLog = 0;
		};
/* End PBXShellScriptBuildPhase section */

/* Begin PBXSourcesBuildPhase section */
		520DBAC920EDB106004FA6AD /* Sources */ = {
			isa = PBXSourcesBuildPhase;
			buildActionMask = 2147483647;
			files = (
				5262173320F306F400BF0B0A /* LYBaseDefines.swift in Sources */,
				5262171020F2ECD300BF0B0A /* LYBaseViewController.swift in Sources */,
				5262174620F32BD500BF0B0A /* KRActivityViewModel.swift in Sources */,
				5262174820F32C0000BF0B0A /* KRActivityModel.swift in Sources */,
				5262173A20F31DEE00BF0B0A /* KRProfileTableView.swift in Sources */,
				5262174B20F3307900BF0B0A /* StringExtension.swift in Sources */,
				5262172520F300FA00BF0B0A /* LYBaseModel.swift in Sources */,
				5262172720F3029900BF0B0A /* KRNewsTableView.swift in Sources */,
				5262171A20F2F18A00BF0B0A /* KRProfileViewController.swift in Sources */,
				5262171620F2F16C00BF0B0A /* KRActivityViewController.swift in Sources */,
				5262171F20F2FEC500BF0B0A /* LYBaseTableView.swift in Sources */,
				5262174220F3206C00BF0B0A /* UserInfoModel.swift in Sources */,
				5262173020F3062D00BF0B0A /* LYNetManager.swift in Sources */,
				5262172C20F3040A00BF0B0A /* KRNewsViewModel.swift in Sources */,
				5262172E20F3061B00BF0B0A /* LYBaseRequest.swift in Sources */,
				5262170C20F2ECB300BF0B0A /* LYBaseTabViewController.swift in Sources */,
				5262171420F2F15F00BF0B0A /* KRNewsViewController.swift in Sources */,
				5262170E20F2ECC900BF0B0A /* LYBaseNaviViewController.swift in Sources */,
				520DBAD120EDB106004FA6AD /* AppDelegate.swift in Sources */,
				5262171820F2F17D00BF0B0A /* KRMessageViewController.swift in Sources */,
				5262174420F32B7F00BF0B0A /* KRActivityTableView.swift in Sources */,
				5262172A20F303F900BF0B0A /* KRNewsModel.swift in Sources */,
				5262173820F317E200BF0B0A /* LYAuthManager.swift in Sources */,
				5262172320F300EA00BF0B0A /* LYBaseViewModel.swift in Sources */,
				5262171220F2ED1500BF0B0A /* KRTabViewController.swift in Sources */,
				5262173620F3160000BF0B0A /* KRNewsRequest.swift in Sources */,
				5262173F20F31EF300BF0B0A /* LYLoginViewController.swift in Sources */,
			);
			runOnlyForDeploymentPostprocessing = 0;
		};
		520DBADD20EDB107004FA6AD /* Sources */ = {
			isa = PBXSourcesBuildPhase;
			buildActionMask = 2147483647;
			files = (
				520DBAE620EDB107004FA6AD /* KRNewsTests.swift in Sources */,
			);
			runOnlyForDeploymentPostprocessing = 0;
		};
		520DBAE820EDB107004FA6AD /* Sources */ = {
			isa = PBXSourcesBuildPhase;
			buildActionMask = 2147483647;
			files = (
				520DBAF120EDB107004FA6AD /* KRNewsUITests.swift in Sources */,
			);
			runOnlyForDeploymentPostprocessing = 0;
		};
/* End PBXSourcesBuildPhase section */

/* Begin PBXTargetDependency section */
		520DBAE320EDB107004FA6AD /* PBXTargetDependency */ = {
			isa = PBXTargetDependency;
			target = 520DBACC20EDB106004FA6AD /* KRNews */;
			targetProxy = 520DBAE220EDB107004FA6AD /* PBXContainerItemProxy */;
		};
		520DBAEE20EDB107004FA6AD /* PBXTargetDependency */ = {
			isa = PBXTargetDependency;
			target = 520DBACC20EDB106004FA6AD /* KRNews */;
			targetProxy = 520DBAED20EDB107004FA6AD /* PBXContainerItemProxy */;
		};
/* End PBXTargetDependency section */

/* Begin PBXVariantGroup section */
		520DBAD920EDB107004FA6AD /* LaunchScreen.storyboard */ = {
			isa = PBXVariantGroup;
			children = (
				520DBADA20EDB107004FA6AD /* Base */,
			);
			name = LaunchScreen.storyboard;
			sourceTree = "<group>";
		};
/* End PBXVariantGroup section */

/* Begin XCBuildConfiguration section */
		520DBAF320EDB107004FA6AD /* Debug */ = {
			isa = XCBuildConfiguration;
			buildSettings = {
				ALWAYS_SEARCH_USER_PATHS = NO;
				CLANG_ANALYZER_NONNULL = YES;
				CLANG_ANALYZER_NUMBER_OBJECT_CONVERSION = YES_AGGRESSIVE;
				CLANG_CXX_LANGUAGE_STANDARD = "gnu++14";
				CLANG_CXX_LIBRARY = "libc++";
				CLANG_ENABLE_MODULES = YES;
				CLANG_ENABLE_OBJC_ARC = YES;
				CLANG_ENABLE_OBJC_WEAK = YES;
				CLANG_WARN_BLOCK_CAPTURE_AUTORELEASING = YES;
				CLANG_WARN_BOOL_CONVERSION = YES;
				CLANG_WARN_COMMA = YES;
				CLANG_WARN_CONSTANT_CONVERSION = YES;
				CLANG_WARN_DEPRECATED_OBJC_IMPLEMENTATIONS = YES;
				CLANG_WARN_DIRECT_OBJC_ISA_USAGE = YES_ERROR;
				CLANG_WARN_DOCUMENTATION_COMMENTS = YES;
				CLANG_WARN_EMPTY_BODY = YES;
				CLANG_WARN_ENUM_CONVERSION = YES;
				CLANG_WARN_INFINITE_RECURSION = YES;
				CLANG_WARN_INT_CONVERSION = YES;
				CLANG_WARN_NON_LITERAL_NULL_CONVERSION = YES;
				CLANG_WARN_OBJC_IMPLICIT_RETAIN_SELF = YES;
				CLANG_WARN_OBJC_LITERAL_CONVERSION = YES;
				CLANG_WARN_OBJC_ROOT_CLASS = YES_ERROR;
				CLANG_WARN_RANGE_LOOP_ANALYSIS = YES;
				CLANG_WARN_STRICT_PROTOTYPES = YES;
				CLANG_WARN_SUSPICIOUS_MOVE = YES;
				CLANG_WARN_UNGUARDED_AVAILABILITY = YES_AGGRESSIVE;
				CLANG_WARN_UNREACHABLE_CODE = YES;
				CLANG_WARN__DUPLICATE_METHOD_MATCH = YES;
				CODE_SIGN_IDENTITY = "iPhone Developer";
				COPY_PHASE_STRIP = NO;
				DEBUG_INFORMATION_FORMAT = dwarf;
				ENABLE_STRICT_OBJC_MSGSEND = YES;
				ENABLE_TESTABILITY = YES;
				GCC_C_LANGUAGE_STANDARD = gnu11;
				GCC_DYNAMIC_NO_PIC = NO;
				GCC_NO_COMMON_BLOCKS = YES;
				GCC_OPTIMIZATION_LEVEL = 0;
				GCC_PREPROCESSOR_DEFINITIONS = (
					"DEBUG=1",
					"$(inherited)",
				);
				GCC_WARN_64_TO_32_BIT_CONVERSION = YES;
				GCC_WARN_ABOUT_RETURN_TYPE = YES_ERROR;
				GCC_WARN_UNDECLARED_SELECTOR = YES;
				GCC_WARN_UNINITIALIZED_AUTOS = YES_AGGRESSIVE;
				GCC_WARN_UNUSED_FUNCTION = YES;
				GCC_WARN_UNUSED_VARIABLE = YES;
				IPHONEOS_DEPLOYMENT_TARGET = 11.4;
				MTL_ENABLE_DEBUG_INFO = YES;
				ONLY_ACTIVE_ARCH = YES;
				SDKROOT = iphoneos;
				SWIFT_ACTIVE_COMPILATION_CONDITIONS = DEBUG;
				SWIFT_OPTIMIZATION_LEVEL = "-Onone";
			};
			name = Debug;
		};
		520DBAF420EDB107004FA6AD /* Release */ = {
			isa = XCBuildConfiguration;
			buildSettings = {
				ALWAYS_SEARCH_USER_PATHS = NO;
				CLANG_ANALYZER_NONNULL = YES;
				CLANG_ANALYZER_NUMBER_OBJECT_CONVERSION = YES_AGGRESSIVE;
				CLANG_CXX_LANGUAGE_STANDARD = "gnu++14";
				CLANG_CXX_LIBRARY = "libc++";
				CLANG_ENABLE_MODULES = YES;
				CLANG_ENABLE_OBJC_ARC = YES;
				CLANG_ENABLE_OBJC_WEAK = YES;
				CLANG_WARN_BLOCK_CAPTURE_AUTORELEASING = YES;
				CLANG_WARN_BOOL_CONVERSION = YES;
				CLANG_WARN_COMMA = YES;
				CLANG_WARN_CONSTANT_CONVERSION = YES;
				CLANG_WARN_DEPRECATED_OBJC_IMPLEMENTATIONS = YES;
				CLANG_WARN_DIRECT_OBJC_ISA_USAGE = YES_ERROR;
				CLANG_WARN_DOCUMENTATION_COMMENTS = YES;
				CLANG_WARN_EMPTY_BODY = YES;
				CLANG_WARN_ENUM_CONVERSION = YES;
				CLANG_WARN_INFINITE_RECURSION = YES;
				CLANG_WARN_INT_CONVERSION = YES;
				CLANG_WARN_NON_LITERAL_NULL_CONVERSION = YES;
				CLANG_WARN_OBJC_IMPLICIT_RETAIN_SELF = YES;
				CLANG_WARN_OBJC_LITERAL_CONVERSION = YES;
				CLANG_WARN_OBJC_ROOT_CLASS = YES_ERROR;
				CLANG_WARN_RANGE_LOOP_ANALYSIS = YES;
				CLANG_WARN_STRICT_PROTOTYPES = YES;
				CLANG_WARN_SUSPICIOUS_MOVE = YES;
				CLANG_WARN_UNGUARDED_AVAILABILITY = YES_AGGRESSIVE;
				CLANG_WARN_UNREACHABLE_CODE = YES;
				CLANG_WARN__DUPLICATE_METHOD_MATCH = YES;
				CODE_SIGN_IDENTITY = "iPhone Developer";
				COPY_PHASE_STRIP = NO;
				DEBUG_INFORMATION_FORMAT = "dwarf-with-dsym";
				ENABLE_NS_ASSERTIONS = NO;
				ENABLE_STRICT_OBJC_MSGSEND = YES;
				GCC_C_LANGUAGE_STANDARD = gnu11;
				GCC_NO_COMMON_BLOCKS = YES;
				GCC_WARN_64_TO_32_BIT_CONVERSION = YES;
				GCC_WARN_ABOUT_RETURN_TYPE = YES_ERROR;
				GCC_WARN_UNDECLARED_SELECTOR = YES;
				GCC_WARN_UNINITIALIZED_AUTOS = YES_AGGRESSIVE;
				GCC_WARN_UNUSED_FUNCTION = YES;
				GCC_WARN_UNUSED_VARIABLE = YES;
				IPHONEOS_DEPLOYMENT_TARGET = 11.4;
				MTL_ENABLE_DEBUG_INFO = NO;
				SDKROOT = iphoneos;
				SWIFT_COMPILATION_MODE = wholemodule;
				SWIFT_OPTIMIZATION_LEVEL = "-O";
				VALIDATE_PRODUCT = YES;
			};
			name = Release;
		};
		520DBAF620EDB107004FA6AD /* Debug */ = {
			isa = XCBuildConfiguration;
			baseConfigurationReference = 8FB89544324B14C06F1855B9 /* Pods-KRNews.debug.xcconfig */;
			buildSettings = {
				ASSETCATALOG_COMPILER_APPICON_NAME = AppIcon;
				CODE_SIGN_STYLE = Automatic;
				DEVELOPMENT_TEAM = B35463YMLY;
				INFOPLIST_FILE = "$(SRCROOT)/KRNews/Special/SupportingFiles/Info.plist";
				IPHONEOS_DEPLOYMENT_TARGET = 10.0;
				LD_RUNPATH_SEARCH_PATHS = (
					"$(inherited)",
					"@executable_path/Frameworks",
				);
				PRODUCT_BUNDLE_IDENTIFIER = com.liyan.KRNews;
				PRODUCT_NAME = "$(TARGET_NAME)";
				SWIFT_VERSION = 4.0;
				TARGETED_DEVICE_FAMILY = "1,2";
			};
			name = Debug;
		};
		520DBAF720EDB107004FA6AD /* Release */ = {
			isa = XCBuildConfiguration;
			baseConfigurationReference = 8B15D4B77D57B6D7A1533859 /* Pods-KRNews.release.xcconfig */;
			buildSettings = {
				ASSETCATALOG_COMPILER_APPICON_NAME = AppIcon;
				CODE_SIGN_STYLE = Automatic;
				DEVELOPMENT_TEAM = B35463YMLY;
				INFOPLIST_FILE = "$(SRCROOT)/KRNews/Special/SupportingFiles/Info.plist";
				IPHONEOS_DEPLOYMENT_TARGET = 10.0;
				LD_RUNPATH_SEARCH_PATHS = (
					"$(inherited)",
					"@executable_path/Frameworks",
				);
				PRODUCT_BUNDLE_IDENTIFIER = com.liyan.KRNews;
				PRODUCT_NAME = "$(TARGET_NAME)";
				SWIFT_VERSION = 4.0;
				TARGETED_DEVICE_FAMILY = "1,2";
			};
			name = Release;
		};
		520DBAF920EDB107004FA6AD /* Debug */ = {
			isa = XCBuildConfiguration;
			baseConfigurationReference = 2FA471C7CA219FC3F5028F1B /* Pods-KRNewsTests.debug.xcconfig */;
			buildSettings = {
				ALWAYS_EMBED_SWIFT_STANDARD_LIBRARIES = YES;
				BUNDLE_LOADER = "$(TEST_HOST)";
				CODE_SIGN_STYLE = Automatic;
				DEVELOPMENT_TEAM = B35463YMLY;
				INFOPLIST_FILE = KRNewsTests/Info.plist;
				LD_RUNPATH_SEARCH_PATHS = (
					"$(inherited)",
					"@executable_path/Frameworks",
					"@loader_path/Frameworks",
				);
				PRODUCT_BUNDLE_IDENTIFIER = com.liyan.KRNewsTests;
				PRODUCT_NAME = "$(TARGET_NAME)";
				SWIFT_VERSION = 4.0;
				TARGETED_DEVICE_FAMILY = "1,2";
				TEST_HOST = "$(BUILT_PRODUCTS_DIR)/KRNews.app/KRNews";
			};
			name = Debug;
		};
		520DBAFA20EDB107004FA6AD /* Release */ = {
			isa = XCBuildConfiguration;
			baseConfigurationReference = AA034597C7E7A877F54517BD /* Pods-KRNewsTests.release.xcconfig */;
			buildSettings = {
				ALWAYS_EMBED_SWIFT_STANDARD_LIBRARIES = YES;
				BUNDLE_LOADER = "$(TEST_HOST)";
				CODE_SIGN_STYLE = Automatic;
				DEVELOPMENT_TEAM = B35463YMLY;
				INFOPLIST_FILE = KRNewsTests/Info.plist;
				LD_RUNPATH_SEARCH_PATHS = (
					"$(inherited)",
					"@executable_path/Frameworks",
					"@loader_path/Frameworks",
				);
				PRODUCT_BUNDLE_IDENTIFIER = com.liyan.KRNewsTests;
				PRODUCT_NAME = "$(TARGET_NAME)";
				SWIFT_VERSION = 4.0;
				TARGETED_DEVICE_FAMILY = "1,2";
				TEST_HOST = "$(BUILT_PRODUCTS_DIR)/KRNews.app/KRNews";
			};
			name = Release;
		};
		520DBAFC20EDB107004FA6AD /* Debug */ = {
			isa = XCBuildConfiguration;
			baseConfigurationReference = 63426025DBB65F9776AA49D8 /* Pods-KRNewsUITests.debug.xcconfig */;
			buildSettings = {
				ALWAYS_EMBED_SWIFT_STANDARD_LIBRARIES = YES;
				CODE_SIGN_STYLE = Automatic;
				DEVELOPMENT_TEAM = B35463YMLY;
				INFOPLIST_FILE = KRNewsUITests/Info.plist;
				LD_RUNPATH_SEARCH_PATHS = (
					"$(inherited)",
					"@executable_path/Frameworks",
					"@loader_path/Frameworks",
				);
				PRODUCT_BUNDLE_IDENTIFIER = com.liyan.KRNewsUITests;
				PRODUCT_NAME = "$(TARGET_NAME)";
				SWIFT_VERSION = 4.0;
				TARGETED_DEVICE_FAMILY = "1,2";
				TEST_TARGET_NAME = KRNews;
			};
			name = Debug;
		};
		520DBAFD20EDB107004FA6AD /* Release */ = {
			isa = XCBuildConfiguration;
			baseConfigurationReference = B568EB081C08396951CB3DB7 /* Pods-KRNewsUITests.release.xcconfig */;
			buildSettings = {
				ALWAYS_EMBED_SWIFT_STANDARD_LIBRARIES = YES;
				CODE_SIGN_STYLE = Automatic;
				DEVELOPMENT_TEAM = B35463YMLY;
				INFOPLIST_FILE = KRNewsUITests/Info.plist;
				LD_RUNPATH_SEARCH_PATHS = (
					"$(inherited)",
					"@executable_path/Frameworks",
					"@loader_path/Frameworks",
				);
				PRODUCT_BUNDLE_IDENTIFIER = com.liyan.KRNewsUITests;
				PRODUCT_NAME = "$(TARGET_NAME)";
				SWIFT_VERSION = 4.0;
				TARGETED_DEVICE_FAMILY = "1,2";
				TEST_TARGET_NAME = KRNews;
			};
			name = Release;
		};
/* End XCBuildConfiguration section */

/* Begin XCConfigurationList section */
		520DBAC820EDB106004FA6AD /* Build configuration list for PBXProject "KRNews" */ = {
			isa = XCConfigurationList;
			buildConfigurations = (
				520DBAF320EDB107004FA6AD /* Debug */,
				520DBAF420EDB107004FA6AD /* Release */,
			);
			defaultConfigurationIsVisible = 0;
			defaultConfigurationName = Release;
		};
		520DBAF520EDB107004FA6AD /* Build configuration list for PBXNativeTarget "KRNews" */ = {
			isa = XCConfigurationList;
			buildConfigurations = (
				520DBAF620EDB107004FA6AD /* Debug */,
				520DBAF720EDB107004FA6AD /* Release */,
			);
			defaultConfigurationIsVisible = 0;
			defaultConfigurationName = Release;
		};
		520DBAF820EDB107004FA6AD /* Build configuration list for PBXNativeTarget "KRNewsTests" */ = {
			isa = XCConfigurationList;
			buildConfigurations = (
				520DBAF920EDB107004FA6AD /* Debug */,
				520DBAFA20EDB107004FA6AD /* Release */,
			);
			defaultConfigurationIsVisible = 0;
			defaultConfigurationName = Release;
		};
		520DBAFB20EDB107004FA6AD /* Build configuration list for PBXNativeTarget "KRNewsUITests" */ = {
			isa = XCConfigurationList;
			buildConfigurations = (
				520DBAFC20EDB107004FA6AD /* Debug */,
				520DBAFD20EDB107004FA6AD /* Release */,
			);
			defaultConfigurationIsVisible = 0;
			defaultConfigurationName = Release;
		};
/* End XCConfigurationList section */
	};
	rootObject = 520DBAC520EDB106004FA6AD /* Project object */;
}
